// !$*UTF8*$!
{
	archiveVersion = 1;
	classes = {
	};
	objectVersion = 55;
	objects = {

/* Begin PBXBuildFile section */
		02A6381D27DDD0ED00FDD0B4 /* Gilbert_AssessmentUnitTests.swift in Sources */ = {isa = PBXBuildFile; fileRef = 02A6381C27DDD0ED00FDD0B4 /* Gilbert_AssessmentUnitTests.swift */; };
		02D9D3AE27DC4E2400922243 /* APIDataSource.swift in Sources */ = {isa = PBXBuildFile; fileRef = 02D9D3AD27DC4E2400922243 /* APIDataSource.swift */; };
		02D9D3B127DC5A1E00922243 /* Balance.swift in Sources */ = {isa = PBXBuildFile; fileRef = 02D9D3B027DC5A1E00922243 /* Balance.swift */; };
		02D9D3B327DC5B5800922243 /* ErrorResponse.swift in Sources */ = {isa = PBXBuildFile; fileRef = 02D9D3B227DC5B5800922243 /* ErrorResponse.swift */; };
		02D9D3B527DC5DC800922243 /* Payees.swift in Sources */ = {isa = PBXBuildFile; fileRef = 02D9D3B427DC5DC800922243 /* Payees.swift */; };
		02D9D3B727DC6D5C00922243 /* Auth.swift in Sources */ = {isa = PBXBuildFile; fileRef = 02D9D3B627DC6D5C00922243 /* Auth.swift */; };
		02D9D3B927DC6E2700922243 /* AuthViewModel.swift in Sources */ = {isa = PBXBuildFile; fileRef = 02D9D3B827DC6E2700922243 /* AuthViewModel.swift */; };
		02D9D3BB27DC6E3500922243 /* DashboardViewModel.swift in Sources */ = {isa = PBXBuildFile; fileRef = 02D9D3BA27DC6E3500922243 /* DashboardViewModel.swift */; };
		02D9D3BD27DC6E4100922243 /* TransferViewModel.swift in Sources */ = {isa = PBXBuildFile; fileRef = 02D9D3BC27DC6E4100922243 /* TransferViewModel.swift */; };
		02D9D3BF27DC6E4E00922243 /* TransactionViewModel.swift in Sources */ = {isa = PBXBuildFile; fileRef = 02D9D3BE27DC6E4E00922243 /* TransactionViewModel.swift */; };
		02D9D3C127DC7A9300922243 /* MainPlaceholderViewController.swift in Sources */ = {isa = PBXBuildFile; fileRef = 02D9D3C027DC7A9300922243 /* MainPlaceholderViewController.swift */; };
		02D9D3C327DC8DFC00922243 /* Transfer.swift in Sources */ = {isa = PBXBuildFile; fileRef = 02D9D3C227DC8DFC00922243 /* Transfer.swift */; };
		02D9D3C727DCAE0100922243 /* LabelErrorForm.swift in Sources */ = {isa = PBXBuildFile; fileRef = 02D9D3C627DCAE0100922243 /* LabelErrorForm.swift */; };
		02D9D3CB27DD08B000922243 /* ChoosePayeesUIView.swift in Sources */ = {isa = PBXBuildFile; fileRef = 02D9D3CA27DD08B000922243 /* ChoosePayeesUIView.swift */; };
		02D9D3CD27DD122C00922243 /* PayeesListViewController.swift in Sources */ = {isa = PBXBuildFile; fileRef = 02D9D3CC27DD122C00922243 /* PayeesListViewController.swift */; };
		02D9D3CF27DD155800922243 /* PayeesViewModel.swift in Sources */ = {isa = PBXBuildFile; fileRef = 02D9D3CE27DD155800922243 /* PayeesViewModel.swift */; };
		02D9D3D127DD24FE00922243 /* LabelPlaceholder.swift in Sources */ = {isa = PBXBuildFile; fileRef = 02D9D3D027DD24FE00922243 /* LabelPlaceholder.swift */; };
		02DD584327DAF4EE00C8F159 /* AppDelegate.swift in Sources */ = {isa = PBXBuildFile; fileRef = 02DD584227DAF4EE00C8F159 /* AppDelegate.swift */; };
		02DD584527DAF4EE00C8F159 /* SceneDelegate.swift in Sources */ = {isa = PBXBuildFile; fileRef = 02DD584427DAF4EE00C8F159 /* SceneDelegate.swift */; };
		02DD584727DAF4EE00C8F159 /* ContentContainerViewController.swift in Sources */ = {isa = PBXBuildFile; fileRef = 02DD584627DAF4EE00C8F159 /* ContentContainerViewController.swift */; };
		02DD584C27DAF4F000C8F159 /* Assets.xcassets in Resources */ = {isa = PBXBuildFile; fileRef = 02DD584B27DAF4F000C8F159 /* Assets.xcassets */; };
		02DD584F27DAF4F000C8F159 /* LaunchScreen.storyboard in Resources */ = {isa = PBXBuildFile; fileRef = 02DD584D27DAF4F000C8F159 /* LaunchScreen.storyboard */; };
		02DD58A827DB47DE00C8F159 /* Constants.swift in Sources */ = {isa = PBXBuildFile; fileRef = 02DD58A727DB47DE00C8F159 /* Constants.swift */; };
		02DD58AB27DB483600C8F159 /* SideMenuViewController.swift in Sources */ = {isa = PBXBuildFile; fileRef = 02DD58AA27DB483600C8F159 /* SideMenuViewController.swift */; };
		02DD58AD27DB483F00C8F159 /* DashboardViewController.swift in Sources */ = {isa = PBXBuildFile; fileRef = 02DD58AC27DB483F00C8F159 /* DashboardViewController.swift */; };
		02DD58AF27DB48FE00C8F159 /* GlobalExtensions.swift in Sources */ = {isa = PBXBuildFile; fileRef = 02DD58AE27DB48FE00C8F159 /* GlobalExtensions.swift */; };
		02DD58B127DB4A6700C8F159 /* Protocols.swift in Sources */ = {isa = PBXBuildFile; fileRef = 02DD58B027DB4A6700C8F159 /* Protocols.swift */; };
		02DD58B327DB59AF00C8F159 /* TransferViewController.swift in Sources */ = {isa = PBXBuildFile; fileRef = 02DD58B227DB59AF00C8F159 /* TransferViewController.swift */; };
		02DD58B527DB59C100C8F159 /* TransactionViewController.swift in Sources */ = {isa = PBXBuildFile; fileRef = 02DD58B427DB59C100C8F159 /* TransactionViewController.swift */; };
		02DD58B727DB6D4E00C8F159 /* Transaction.swift in Sources */ = {isa = PBXBuildFile; fileRef = 02DD58B627DB6D4E00C8F159 /* Transaction.swift */; };
		02DD58BA27DB752F00C8F159 /* TransactionViewCell.swift in Sources */ = {isa = PBXBuildFile; fileRef = 02DD58B927DB752F00C8F159 /* TransactionViewCell.swift */; };
		02DD58BD27DB989100C8F159 /* TextFieldForm.swift in Sources */ = {isa = PBXBuildFile; fileRef = 02DD58BC27DB989100C8F159 /* TextFieldForm.swift */; };
		02DD58BF27DBB73800C8F159 /* AuthViewController.swift in Sources */ = {isa = PBXBuildFile; fileRef = 02DD58BE27DBB73800C8F159 /* AuthViewController.swift */; };
		02DD58C327DBC23A00C8F159 /* ButtonForm.swift in Sources */ = {isa = PBXBuildFile; fileRef = 02DD58C227DBC23A00C8F159 /* ButtonForm.swift */; };
		07E10338F0D8BA17F045FC71 /* Pods_Gilbert_Assessment.framework in Frameworks */ = {isa = PBXBuildFile; fileRef = E7DAC0EC6719D522DF7FC500 /* Pods_Gilbert_Assessment.framework */; };
/* End PBXBuildFile section */

/* Begin PBXContainerItemProxy section */
		02A6381E27DDD0ED00FDD0B4 /* PBXContainerItemProxy */ = {
			isa = PBXContainerItemProxy;
			containerPortal = 02DD583727DAF4EE00C8F159 /* Project object */;
			proxyType = 1;
			remoteGlobalIDString = 02DD583E27DAF4EE00C8F159;
			remoteInfo = Gilbert_Assessment;
		};
/* End PBXContainerItemProxy section */

/* Begin PBXFileReference section */
		02A6381A27DDD0ED00FDD0B4 /* Gilbert_AssessmentUnitTests.xctest */ = {isa = PBXFileReference; explicitFileType = wrapper.cfbundle; includeInIndex = 0; path = Gilbert_AssessmentUnitTests.xctest; sourceTree = BUILT_PRODUCTS_DIR; };
		02A6381C27DDD0ED00FDD0B4 /* Gilbert_AssessmentUnitTests.swift */ = {isa = PBXFileReference; lastKnownFileType = sourcecode.swift; path = Gilbert_AssessmentUnitTests.swift; sourceTree = "<group>"; };
		02D9D3AD27DC4E2400922243 /* APIDataSource.swift */ = {isa = PBXFileReference; lastKnownFileType = sourcecode.swift; path = APIDataSource.swift; sourceTree = "<group>"; };
		02D9D3B027DC5A1E00922243 /* Balance.swift */ = {isa = PBXFileReference; lastKnownFileType = sourcecode.swift; path = Balance.swift; sourceTree = "<group>"; };
		02D9D3B227DC5B5800922243 /* ErrorResponse.swift */ = {isa = PBXFileReference; lastKnownFileType = sourcecode.swift; path = ErrorResponse.swift; sourceTree = "<group>"; };
		02D9D3B427DC5DC800922243 /* Payees.swift */ = {isa = PBXFileReference; lastKnownFileType = sourcecode.swift; path = Payees.swift; sourceTree = "<group>"; };
		02D9D3B627DC6D5C00922243 /* Auth.swift */ = {isa = PBXFileReference; lastKnownFileType = sourcecode.swift; path = Auth.swift; sourceTree = "<group>"; };
		02D9D3B827DC6E2700922243 /* AuthViewModel.swift */ = {isa = PBXFileReference; lastKnownFileType = sourcecode.swift; path = AuthViewModel.swift; sourceTree = "<group>"; };
		02D9D3BA27DC6E3500922243 /* DashboardViewModel.swift */ = {isa = PBXFileReference; lastKnownFileType = sourcecode.swift; path = DashboardViewModel.swift; sourceTree = "<group>"; };
		02D9D3BC27DC6E4100922243 /* TransferViewModel.swift */ = {isa = PBXFileReference; lastKnownFileType = sourcecode.swift; path = TransferViewModel.swift; sourceTree = "<group>"; };
		02D9D3BE27DC6E4E00922243 /* TransactionViewModel.swift */ = {isa = PBXFileReference; lastKnownFileType = sourcecode.swift; path = TransactionViewModel.swift; sourceTree = "<group>"; };
		02D9D3C027DC7A9300922243 /* MainPlaceholderViewController.swift */ = {isa = PBXFileReference; lastKnownFileType = sourcecode.swift; path = MainPlaceholderViewController.swift; sourceTree = "<group>"; };
		02D9D3C227DC8DFC00922243 /* Transfer.swift */ = {isa = PBXFileReference; lastKnownFileType = sourcecode.swift; path = Transfer.swift; sourceTree = "<group>"; };
		02D9D3C627DCAE0100922243 /* LabelErrorForm.swift */ = {isa = PBXFileReference; lastKnownFileType = sourcecode.swift; path = LabelErrorForm.swift; sourceTree = "<group>"; };
		02D9D3CA27DD08B000922243 /* ChoosePayeesUIView.swift */ = {isa = PBXFileReference; lastKnownFileType = sourcecode.swift; path = ChoosePayeesUIView.swift; sourceTree = "<group>"; };
		02D9D3CC27DD122C00922243 /* PayeesListViewController.swift */ = {isa = PBXFileReference; lastKnownFileType = sourcecode.swift; path = PayeesListViewController.swift; sourceTree = "<group>"; };
		02D9D3CE27DD155800922243 /* PayeesViewModel.swift */ = {isa = PBXFileReference; lastKnownFileType = sourcecode.swift; path = PayeesViewModel.swift; sourceTree = "<group>"; };
		02D9D3D027DD24FE00922243 /* LabelPlaceholder.swift */ = {isa = PBXFileReference; lastKnownFileType = sourcecode.swift; path = LabelPlaceholder.swift; sourceTree = "<group>"; };
		02DD583F27DAF4EE00C8F159 /* Gilbert_Assessment.app */ = {isa = PBXFileReference; explicitFileType = wrapper.application; includeInIndex = 0; path = Gilbert_Assessment.app; sourceTree = BUILT_PRODUCTS_DIR; };
		02DD584227DAF4EE00C8F159 /* AppDelegate.swift */ = {isa = PBXFileReference; lastKnownFileType = sourcecode.swift; path = AppDelegate.swift; sourceTree = "<group>"; };
		02DD584427DAF4EE00C8F159 /* SceneDelegate.swift */ = {isa = PBXFileReference; lastKnownFileType = sourcecode.swift; path = SceneDelegate.swift; sourceTree = "<group>"; };
		02DD584627DAF4EE00C8F159 /* ContentContainerViewController.swift */ = {isa = PBXFileReference; lastKnownFileType = sourcecode.swift; path = ContentContainerViewController.swift; sourceTree = "<group>"; };
		02DD584B27DAF4F000C8F159 /* Assets.xcassets */ = {isa = PBXFileReference; lastKnownFileType = folder.assetcatalog; path = Assets.xcassets; sourceTree = "<group>"; };
		02DD584E27DAF4F000C8F159 /* Base */ = {isa = PBXFileReference; lastKnownFileType = file.storyboard; name = Base; path = Base.lproj/LaunchScreen.storyboard; sourceTree = "<group>"; };
		02DD585027DAF4F000C8F159 /* Info.plist */ = {isa = PBXFileReference; lastKnownFileType = text.plist.xml; path = Info.plist; sourceTree = "<group>"; };
		02DD58A727DB47DE00C8F159 /* Constants.swift */ = {isa = PBXFileReference; lastKnownFileType = sourcecode.swift; path = Constants.swift; sourceTree = "<group>"; };
		02DD58AA27DB483600C8F159 /* SideMenuViewController.swift */ = {isa = PBXFileReference; lastKnownFileType = sourcecode.swift; path = SideMenuViewController.swift; sourceTree = "<group>"; };
		02DD58AC27DB483F00C8F159 /* DashboardViewController.swift */ = {isa = PBXFileReference; lastKnownFileType = sourcecode.swift; path = DashboardViewController.swift; sourceTree = "<group>"; };
		02DD58AE27DB48FE00C8F159 /* GlobalExtensions.swift */ = {isa = PBXFileReference; lastKnownFileType = sourcecode.swift; path = GlobalExtensions.swift; sourceTree = "<group>"; };
		02DD58B027DB4A6700C8F159 /* Protocols.swift */ = {isa = PBXFileReference; lastKnownFileType = sourcecode.swift; path = Protocols.swift; sourceTree = "<group>"; };
		02DD58B227DB59AF00C8F159 /* TransferViewController.swift */ = {isa = PBXFileReference; lastKnownFileType = sourcecode.swift; path = TransferViewController.swift; sourceTree = "<group>"; };
		02DD58B427DB59C100C8F159 /* TransactionViewController.swift */ = {isa = PBXFileReference; lastKnownFileType = sourcecode.swift; path = TransactionViewController.swift; sourceTree = "<group>"; };
		02DD58B627DB6D4E00C8F159 /* Transaction.swift */ = {isa = PBXFileReference; lastKnownFileType = sourcecode.swift; path = Transaction.swift; sourceTree = "<group>"; };
		02DD58B927DB752F00C8F159 /* TransactionViewCell.swift */ = {isa = PBXFileReference; lastKnownFileType = sourcecode.swift; path = TransactionViewCell.swift; sourceTree = "<group>"; };
		02DD58BC27DB989100C8F159 /* TextFieldForm.swift */ = {isa = PBXFileReference; lastKnownFileType = sourcecode.swift; path = TextFieldForm.swift; sourceTree = "<group>"; };
		02DD58BE27DBB73800C8F159 /* AuthViewController.swift */ = {isa = PBXFileReference; lastKnownFileType = sourcecode.swift; path = AuthViewController.swift; sourceTree = "<group>"; };
		02DD58C227DBC23A00C8F159 /* ButtonForm.swift */ = {isa = PBXFileReference; lastKnownFileType = sourcecode.swift; path = ButtonForm.swift; sourceTree = "<group>"; };
		2C191F57DA9041B00B59F49A /* Pods-Gilbert_Assessment.release.xcconfig */ = {isa = PBXFileReference; includeInIndex = 1; lastKnownFileType = text.xcconfig; name = "Pods-Gilbert_Assessment.release.xcconfig"; path = "Target Support Files/Pods-Gilbert_Assessment/Pods-Gilbert_Assessment.release.xcconfig"; sourceTree = "<group>"; };
		8FC33CB69D68C617FDBD581D /* Pods-Gilbert_Assessment.debug.xcconfig */ = {isa = PBXFileReference; includeInIndex = 1; lastKnownFileType = text.xcconfig; name = "Pods-Gilbert_Assessment.debug.xcconfig"; path = "Target Support Files/Pods-Gilbert_Assessment/Pods-Gilbert_Assessment.debug.xcconfig"; sourceTree = "<group>"; };
		E7DAC0EC6719D522DF7FC500 /* Pods_Gilbert_Assessment.framework */ = {isa = PBXFileReference; explicitFileType = wrapper.framework; includeInIndex = 0; path = Pods_Gilbert_Assessment.framework; sourceTree = BUILT_PRODUCTS_DIR; };
/* End PBXFileReference section */

/* Begin PBXFrameworksBuildPhase section */
		02A6381727DDD0ED00FDD0B4 /* Frameworks */ = {
			isa = PBXFrameworksBuildPhase;
			buildActionMask = 2147483647;
			files = (
			);
			runOnlyForDeploymentPostprocessing = 0;
		};
		02DD583C27DAF4EE00C8F159 /* Frameworks */ = {
			isa = PBXFrameworksBuildPhase;
			buildActionMask = 2147483647;
			files = (
				07E10338F0D8BA17F045FC71 /* Pods_Gilbert_Assessment.framework in Frameworks */,
			);
			runOnlyForDeploymentPostprocessing = 0;
		};
/* End PBXFrameworksBuildPhase section */

/* Begin PBXGroup section */
		02A6381B27DDD0ED00FDD0B4 /* Gilbert_AssessmentUnitTests */ = {
			isa = PBXGroup;
			children = (
				02A6381C27DDD0ED00FDD0B4 /* Gilbert_AssessmentUnitTests.swift */,
			);
			path = Gilbert_AssessmentUnitTests;
			sourceTree = "<group>";
		};
		02A6382727DDEDFF00FDD0B4 /* TransactionView */ = {
			isa = PBXGroup;
			children = (
				02DD58B427DB59C100C8F159 /* TransactionViewController.swift */,
				02DD58B827DB74FC00C8F159 /* TransactionViewCell */,
			);
			path = TransactionView;
			sourceTree = "<group>";
		};
		02A6382827DDEE1C00FDD0B4 /* TransferView */ = {
			isa = PBXGroup;
			children = (
				02DD58B227DB59AF00C8F159 /* TransferViewController.swift */,
				02D9D3CA27DD08B000922243 /* ChoosePayeesUIView.swift */,
			);
			path = TransferView;
			sourceTree = "<group>";
		};
		02A6382927DDEE3E00FDD0B4 /* Main */ = {
			isa = PBXGroup;
			children = (
				02DD584627DAF4EE00C8F159 /* ContentContainerViewController.swift */,
				02D9D3C027DC7A9300922243 /* MainPlaceholderViewController.swift */,
			);
			path = Main;
			sourceTree = "<group>";
		};
		02D9D3AF27DC56BC00922243 /* APIService */ = {
			isa = PBXGroup;
			children = (
				02D9D3AD27DC4E2400922243 /* APIDataSource.swift */,
			);
			path = APIService;
			sourceTree = "<group>";
		};
		02DD583627DAF4EE00C8F159 = {
			isa = PBXGroup;
			children = (
				02DD584127DAF4EE00C8F159 /* Gilbert_Assessment */,
				02A6381B27DDD0ED00FDD0B4 /* Gilbert_AssessmentUnitTests */,
				02DD584027DAF4EE00C8F159 /* Products */,
				C2AD3B8A9246FC507B449C01 /* Pods */,
				CC8A29D2DED3B51481284DE7 /* Frameworks */,
			);
			sourceTree = "<group>";
		};
		02DD584027DAF4EE00C8F159 /* Products */ = {
			isa = PBXGroup;
			children = (
				02DD583F27DAF4EE00C8F159 /* Gilbert_Assessment.app */,
				02A6381A27DDD0ED00FDD0B4 /* Gilbert_AssessmentUnitTests.xctest */,
			);
			name = Products;
			sourceTree = "<group>";
		};
		02DD584127DAF4EE00C8F159 /* Gilbert_Assessment */ = {
			isa = PBXGroup;
			children = (
				02D9D3AF27DC56BC00922243 /* APIService */,
				02DD58A627DB47CD00C8F159 /* Utilities */,
				02DD585A27DAF9D900C8F159 /* ViewModel */,
				02DD585827DAF9CF00C8F159 /* View */,
				02DD585627DAF9C500C8F159 /* Model */,
				02DD584227DAF4EE00C8F159 /* AppDelegate.swift */,
				02DD584427DAF4EE00C8F159 /* SceneDelegate.swift */,
				02DD584B27DAF4F000C8F159 /* Assets.xcassets */,
				02DD584D27DAF4F000C8F159 /* LaunchScreen.storyboard */,
				02DD585027DAF4F000C8F159 /* Info.plist */,
			);
			path = Gilbert_Assessment;
			sourceTree = "<group>";
		};
		02DD585627DAF9C500C8F159 /* Model */ = {
			isa = PBXGroup;
			children = (
				02DD58B627DB6D4E00C8F159 /* Transaction.swift */,
				02D9D3B027DC5A1E00922243 /* Balance.swift */,
				02D9D3B427DC5DC800922243 /* Payees.swift */,
				02D9D3B227DC5B5800922243 /* ErrorResponse.swift */,
				02D9D3B627DC6D5C00922243 /* Auth.swift */,
				02D9D3C227DC8DFC00922243 /* Transfer.swift */,
			);
			path = Model;
			sourceTree = "<group>";
		};
		02DD585827DAF9CF00C8F159 /* View */ = {
			isa = PBXGroup;
			children = (
				02DD58BB27DB986600C8F159 /* ReusableView */,
				02A6382927DDEE3E00FDD0B4 /* Main */,
				02A6382827DDEE1C00FDD0B4 /* TransferView */,
				02A6382727DDEDFF00FDD0B4 /* TransactionView */,
				02DD58AA27DB483600C8F159 /* SideMenuViewController.swift */,
				02DD58AC27DB483F00C8F159 /* DashboardViewController.swift */,
				02DD58BE27DBB73800C8F159 /* AuthViewController.swift */,
				02D9D3CC27DD122C00922243 /* PayeesListViewController.swift */,
			);
			path = View;
			sourceTree = "<group>";
		};
		02DD585A27DAF9D900C8F159 /* ViewModel */ = {
			isa = PBXGroup;
			children = (
				02D9D3B827DC6E2700922243 /* AuthViewModel.swift */,
				02D9D3BA27DC6E3500922243 /* DashboardViewModel.swift */,
				02D9D3BC27DC6E4100922243 /* TransferViewModel.swift */,
				02D9D3BE27DC6E4E00922243 /* TransactionViewModel.swift */,
				02D9D3CE27DD155800922243 /* PayeesViewModel.swift */,
			);
			path = ViewModel;
			sourceTree = "<group>";
		};
		02DD58A627DB47CD00C8F159 /* Utilities */ = {
			isa = PBXGroup;
			children = (
				02DD58A727DB47DE00C8F159 /* Constants.swift */,
				02DD58AE27DB48FE00C8F159 /* GlobalExtensions.swift */,
				02DD58B027DB4A6700C8F159 /* Protocols.swift */,
			);
			path = Utilities;
			sourceTree = "<group>";
		};
		02DD58B827DB74FC00C8F159 /* TransactionViewCell */ = {
			isa = PBXGroup;
			children = (
				02DD58B927DB752F00C8F159 /* TransactionViewCell.swift */,
			);
			path = TransactionViewCell;
			sourceTree = "<group>";
		};
		02DD58BB27DB986600C8F159 /* ReusableView */ = {
			isa = PBXGroup;
			children = (
				02DD58BC27DB989100C8F159 /* TextFieldForm.swift */,
				02DD58C227DBC23A00C8F159 /* ButtonForm.swift */,
				02D9D3C627DCAE0100922243 /* LabelErrorForm.swift */,
				02D9D3D027DD24FE00922243 /* LabelPlaceholder.swift */,
			);
			path = ReusableView;
			sourceTree = "<group>";
		};
		C2AD3B8A9246FC507B449C01 /* Pods */ = {
			isa = PBXGroup;
			children = (
				8FC33CB69D68C617FDBD581D /* Pods-Gilbert_Assessment.debug.xcconfig */,
				2C191F57DA9041B00B59F49A /* Pods-Gilbert_Assessment.release.xcconfig */,
			);
			path = Pods;
			sourceTree = "<group>";
		};
		CC8A29D2DED3B51481284DE7 /* Frameworks */ = {
			isa = PBXGroup;
			children = (
				E7DAC0EC6719D522DF7FC500 /* Pods_Gilbert_Assessment.framework */,
			);
			name = Frameworks;
			sourceTree = "<group>";
		};
/* End PBXGroup section */

/* Begin PBXNativeTarget section */
		02A6381927DDD0ED00FDD0B4 /* Gilbert_AssessmentUnitTests */ = {
			isa = PBXNativeTarget;
			buildConfigurationList = 02A6382227DDD0ED00FDD0B4 /* Build configuration list for PBXNativeTarget "Gilbert_AssessmentUnitTests" */;
			buildPhases = (
				02A6381627DDD0ED00FDD0B4 /* Sources */,
				02A6381727DDD0ED00FDD0B4 /* Frameworks */,
				02A6381827DDD0ED00FDD0B4 /* Resources */,
			);
			buildRules = (
			);
			dependencies = (
				02A6381F27DDD0ED00FDD0B4 /* PBXTargetDependency */,
			);
			name = Gilbert_AssessmentUnitTests;
			productName = Gilbert_AssessmentUnitTests;
			productReference = 02A6381A27DDD0ED00FDD0B4 /* Gilbert_AssessmentUnitTests.xctest */;
			productType = "com.apple.product-type.bundle.unit-test";
		};
		02DD583E27DAF4EE00C8F159 /* Gilbert_Assessment */ = {
			isa = PBXNativeTarget;
			buildConfigurationList = 02DD585327DAF4F000C8F159 /* Build configuration list for PBXNativeTarget "Gilbert_Assessment" */;
			buildPhases = (
				9B5DE8AA5EE8442892B47654 /* [CP] Check Pods Manifest.lock */,
				02DD583B27DAF4EE00C8F159 /* Sources */,
				02DD583C27DAF4EE00C8F159 /* Frameworks */,
				02DD583D27DAF4EE00C8F159 /* Resources */,
				65343CCF10001C6951C7B393 /* [CP] Embed Pods Frameworks */,
			);
			buildRules = (
			);
			dependencies = (
			);
			name = Gilbert_Assessment;
			productName = Gilbert_Assessment;
			productReference = 02DD583F27DAF4EE00C8F159 /* Gilbert_Assessment.app */;
			productType = "com.apple.product-type.application";
		};
/* End PBXNativeTarget section */

/* Begin PBXProject section */
		02DD583727DAF4EE00C8F159 /* Project object */ = {
			isa = PBXProject;
			attributes = {
				BuildIndependentTargetsInParallel = 1;
				LastSwiftUpdateCheck = 1320;
				LastUpgradeCheck = 1320;
				TargetAttributes = {
					02A6381927DDD0ED00FDD0B4 = {
						CreatedOnToolsVersion = 13.2.1;
						TestTargetID = 02DD583E27DAF4EE00C8F159;
					};
					02DD583E27DAF4EE00C8F159 = {
						CreatedOnToolsVersion = 13.2.1;
					};
				};
			};
			buildConfigurationList = 02DD583A27DAF4EE00C8F159 /* Build configuration list for PBXProject "Gilbert_Assessment" */;
			compatibilityVersion = "Xcode 13.0";
			developmentRegion = en;
			hasScannedForEncodings = 0;
			knownRegions = (
				en,
				Base,
			);
			mainGroup = 02DD583627DAF4EE00C8F159;
			productRefGroup = 02DD584027DAF4EE00C8F159 /* Products */;
			projectDirPath = "";
			projectRoot = "";
			targets = (
				02DD583E27DAF4EE00C8F159 /* Gilbert_Assessment */,
				02A6381927DDD0ED00FDD0B4 /* Gilbert_AssessmentUnitTests */,
			);
		};
/* End PBXProject section */

/* Begin PBXResourcesBuildPhase section */
		02A6381827DDD0ED00FDD0B4 /* Resources */ = {
			isa = PBXResourcesBuildPhase;
			buildActionMask = 2147483647;
			files = (
			);
			runOnlyForDeploymentPostprocessing = 0;
		};
		02DD583D27DAF4EE00C8F159 /* Resources */ = {
			isa = PBXResourcesBuildPhase;
			buildActionMask = 2147483647;
			files = (
				02DD584F27DAF4F000C8F159 /* LaunchScreen.storyboard in Resources */,
				02DD584C27DAF4F000C8F159 /* Assets.xcassets in Resources */,
			);
			runOnlyForDeploymentPostprocessing = 0;
		};
/* End PBXResourcesBuildPhase section */

/* Begin PBXShellScriptBuildPhase section */
		65343CCF10001C6951C7B393 /* [CP] Embed Pods Frameworks */ = {
			isa = PBXShellScriptBuildPhase;
			buildActionMask = 2147483647;
			files = (
			);
			inputFileListPaths = (
				"${PODS_ROOT}/Target Support Files/Pods-Gilbert_Assessment/Pods-Gilbert_Assessment-frameworks-${CONFIGURATION}-input-files.xcfilelist",
			);
			name = "[CP] Embed Pods Frameworks";
			outputFileListPaths = (
				"${PODS_ROOT}/Target Support Files/Pods-Gilbert_Assessment/Pods-Gilbert_Assessment-frameworks-${CONFIGURATION}-output-files.xcfilelist",
			);
			runOnlyForDeploymentPostprocessing = 0;
			shellPath = /bin/sh;
			shellScript = "\"${PODS_ROOT}/Target Support Files/Pods-Gilbert_Assessment/Pods-Gilbert_Assessment-frameworks.sh\"\n";
			showEnvVarsInLog = 0;
		};
		9B5DE8AA5EE8442892B47654 /* [CP] Check Pods Manifest.lock */ = {
			isa = PBXShellScriptBuildPhase;
			buildActionMask = 2147483647;
			files = (
			);
			inputFileListPaths = (
			);
			inputPaths = (
				"${PODS_PODFILE_DIR_PATH}/Podfile.lock",
				"${PODS_ROOT}/Manifest.lock",
			);
			name = "[CP] Check Pods Manifest.lock";
			outputFileListPaths = (
			);
			outputPaths = (
				"$(DERIVED_FILE_DIR)/Pods-Gilbert_Assessment-checkManifestLockResult.txt",
			);
			runOnlyForDeploymentPostprocessing = 0;
			shellPath = /bin/sh;
			shellScript = "diff \"${PODS_PODFILE_DIR_PATH}/Podfile.lock\" \"${PODS_ROOT}/Manifest.lock\" > /dev/null\nif [ $? != 0 ] ; then\n    # print error to STDERR\n    echo \"error: The sandbox is not in sync with the Podfile.lock. Run 'pod install' or update your CocoaPods installation.\" >&2\n    exit 1\nfi\n# This output is used by Xcode 'outputs' to avoid re-running this script phase.\necho \"SUCCESS\" > \"${SCRIPT_OUTPUT_FILE_0}\"\n";
			showEnvVarsInLog = 0;
		};
/* End PBXShellScriptBuildPhase section */

/* Begin PBXSourcesBuildPhase section */
		02A6381627DDD0ED00FDD0B4 /* Sources */ = {
			isa = PBXSourcesBuildPhase;
			buildActionMask = 2147483647;
			files = (
				02A6381D27DDD0ED00FDD0B4 /* Gilbert_AssessmentUnitTests.swift in Sources */,
			);
			runOnlyForDeploymentPostprocessing = 0;
		};
		02DD583B27DAF4EE00C8F159 /* Sources */ = {
			isa = PBXSourcesBuildPhase;
			buildActionMask = 2147483647;
			files = (
				02D9D3B727DC6D5C00922243 /* Auth.swift in Sources */,
				02DD58BF27DBB73800C8F159 /* AuthViewController.swift in Sources */,
				02DD58B727DB6D4E00C8F159 /* Transaction.swift in Sources */,
				02D9D3CD27DD122C00922243 /* PayeesListViewController.swift in Sources */,
				02DD584727DAF4EE00C8F159 /* ContentContainerViewController.swift in Sources */,
				02DD58B327DB59AF00C8F159 /* TransferViewController.swift in Sources */,
				02D9D3B127DC5A1E00922243 /* Balance.swift in Sources */,
				02DD58AD27DB483F00C8F159 /* DashboardViewController.swift in Sources */,
				02D9D3B527DC5DC800922243 /* Payees.swift in Sources */,
				02DD58AB27DB483600C8F159 /* SideMenuViewController.swift in Sources */,
				02D9D3AE27DC4E2400922243 /* APIDataSource.swift in Sources */,
				02DD584327DAF4EE00C8F159 /* AppDelegate.swift in Sources */,
				02DD58B527DB59C100C8F159 /* TransactionViewController.swift in Sources */,
				02DD584527DAF4EE00C8F159 /* SceneDelegate.swift in Sources */,
				02DD58A827DB47DE00C8F159 /* Constants.swift in Sources */,
				02D9D3BB27DC6E3500922243 /* DashboardViewModel.swift in Sources */,
				02D9D3CF27DD155800922243 /* PayeesViewModel.swift in Sources */,
				02DD58C327DBC23A00C8F159 /* ButtonForm.swift in Sources */,
				02DD58BA27DB752F00C8F159 /* TransactionViewCell.swift in Sources */,
				02D9D3D127DD24FE00922243 /* LabelPlaceholder.swift in Sources */,
				02DD58BD27DB989100C8F159 /* TextFieldForm.swift in Sources */,
				02D9D3BF27DC6E4E00922243 /* TransactionViewModel.swift in Sources */,
				02D9D3BD27DC6E4100922243 /* TransferViewModel.swift in Sources */,
				02D9D3CB27DD08B000922243 /* ChoosePayeesUIView.swift in Sources */,
				02D9D3B927DC6E2700922243 /* AuthViewModel.swift in Sources */,
				02D9D3C127DC7A9300922243 /* MainPlaceholderViewController.swift in Sources */,
				02DD58AF27DB48FE00C8F159 /* GlobalExtensions.swift in Sources */,
				02DD58B127DB4A6700C8F159 /* Protocols.swift in Sources */,
				02D9D3C727DCAE0100922243 /* LabelErrorForm.swift in Sources */,
				02D9D3C327DC8DFC00922243 /* Transfer.swift in Sources */,
				02D9D3B327DC5B5800922243 /* ErrorResponse.swift in Sources */,
			);
			runOnlyForDeploymentPostprocessing = 0;
		};
/* End PBXSourcesBuildPhase section */

/* Begin PBXTargetDependency section */
		02A6381F27DDD0ED00FDD0B4 /* PBXTargetDependency */ = {
			isa = PBXTargetDependency;
			target = 02DD583E27DAF4EE00C8F159 /* Gilbert_Assessment */;
			targetProxy = 02A6381E27DDD0ED00FDD0B4 /* PBXContainerItemProxy */;
		};
/* End PBXTargetDependency section */

/* Begin PBXVariantGroup section */
		02DD584D27DAF4F000C8F159 /* LaunchScreen.storyboard */ = {
			isa = PBXVariantGroup;
			children = (
				02DD584E27DAF4F000C8F159 /* Base */,
			);
			name = LaunchScreen.storyboard;
			sourceTree = "<group>";
		};
/* End PBXVariantGroup section */

/* Begin XCBuildConfiguration section */
		02A6382027DDD0ED00FDD0B4 /* Debug */ = {
			isa = XCBuildConfiguration;
			buildSettings = {
				BUNDLE_LOADER = "$(TEST_HOST)";
				CODE_SIGN_STYLE = Automatic;
				CURRENT_PROJECT_VERSION = 1;
				DEVELOPMENT_TEAM = NZ4J9325UD;
				GENERATE_INFOPLIST_FILE = YES;
				MARKETING_VERSION = 1.0;
				PRODUCT_BUNDLE_IDENTIFIER = "com.gilbertnicholas.Gilbert-AssessmentUnitTests";
				PRODUCT_NAME = "$(TARGET_NAME)";
				SWIFT_EMIT_LOC_STRINGS = NO;
				SWIFT_VERSION = 5.0;
				TARGETED_DEVICE_FAMILY = "1,2";
				TEST_HOST = "$(BUILT_PRODUCTS_DIR)/Gilbert_Assessment.app/Gilbert_Assessment";
			};
			name = Debug;
		};
		02A6382127DDD0ED00FDD0B4 /* Release */ = {
			isa = XCBuildConfiguration;
			buildSettings = {
				BUNDLE_LOADER = "$(TEST_HOST)";
				CODE_SIGN_STYLE = Automatic;
				CURRENT_PROJECT_VERSION = 1;
				DEVELOPMENT_TEAM = NZ4J9325UD;
				GENERATE_INFOPLIST_FILE = YES;
				MARKETING_VERSION = 1.0;
				PRODUCT_BUNDLE_IDENTIFIER = "com.gilbertnicholas.Gilbert-AssessmentUnitTests";
				PRODUCT_NAME = "$(TARGET_NAME)";
				SWIFT_EMIT_LOC_STRINGS = NO;
				SWIFT_VERSION = 5.0;
				TARGETED_DEVICE_FAMILY = "1,2";
				TEST_HOST = "$(BUILT_PRODUCTS_DIR)/Gilbert_Assessment.app/Gilbert_Assessment";
			};
			name = Release;
		};
		02DD585127DAF4F000C8F159 /* Debug */ = {
			isa = XCBuildConfiguration;
			buildSettings = {
				ALWAYS_SEARCH_USER_PATHS = NO;
				CLANG_ANALYZER_NONNULL = YES;
				CLANG_ANALYZER_NUMBER_OBJECT_CONVERSION = YES_AGGRESSIVE;
				CLANG_CXX_LANGUAGE_STANDARD = "gnu++17";
				CLANG_CXX_LIBRARY = "libc++";
				CLANG_ENABLE_MODULES = YES;
				CLANG_ENABLE_OBJC_ARC = YES;
				CLANG_ENABLE_OBJC_WEAK = YES;
				CLANG_WARN_BLOCK_CAPTURE_AUTORELEASING = YES;
				CLANG_WARN_BOOL_CONVERSION = YES;
				CLANG_WARN_COMMA = YES;
				CLANG_WARN_CONSTANT_CONVERSION = YES;
				CLANG_WARN_DEPRECATED_OBJC_IMPLEMENTATIONS = YES;
				CLANG_WARN_DIRECT_OBJC_ISA_USAGE = YES_ERROR;
				CLANG_WARN_DOCUMENTATION_COMMENTS = YES;
				CLANG_WARN_EMPTY_BODY = YES;
				CLANG_WARN_ENUM_CONVERSION = YES;
				CLANG_WARN_INFINITE_RECURSION = YES;
				CLANG_WARN_INT_CONVERSION = YES;
				CLANG_WARN_NON_LITERAL_NULL_CONVERSION = YES;
				CLANG_WARN_OBJC_IMPLICIT_RETAIN_SELF = YES;
				CLANG_WARN_OBJC_LITERAL_CONVERSION = YES;
				CLANG_WARN_OBJC_ROOT_CLASS = YES_ERROR;
				CLANG_WARN_QUOTED_INCLUDE_IN_FRAMEWORK_HEADER = YES;
				CLANG_WARN_RANGE_LOOP_ANALYSIS = YES;
				CLANG_WARN_STRICT_PROTOTYPES = YES;
				CLANG_WARN_SUSPICIOUS_MOVE = YES;
				CLANG_WARN_UNGUARDED_AVAILABILITY = YES_AGGRESSIVE;
				CLANG_WARN_UNREACHABLE_CODE = YES;
				CLANG_WARN__DUPLICATE_METHOD_MATCH = YES;
				COPY_PHASE_STRIP = NO;
				DEBUG_INFORMATION_FORMAT = dwarf;
				ENABLE_STRICT_OBJC_MSGSEND = YES;
				ENABLE_TESTABILITY = YES;
				GCC_C_LANGUAGE_STANDARD = gnu11;
				GCC_DYNAMIC_NO_PIC = NO;
				GCC_NO_COMMON_BLOCKS = YES;
				GCC_OPTIMIZATION_LEVEL = 0;
				GCC_PREPROCESSOR_DEFINITIONS = (
					"DEBUG=1",
					"$(inherited)",
				);
				GCC_WARN_64_TO_32_BIT_CONVERSION = YES;
				GCC_WARN_ABOUT_RETURN_TYPE = YES_ERROR;
				GCC_WARN_UNDECLARED_SELECTOR = YES;
				GCC_WARN_UNINITIALIZED_AUTOS = YES_AGGRESSIVE;
				GCC_WARN_UNUSED_FUNCTION = YES;
				GCC_WARN_UNUSED_VARIABLE = YES;
				IPHONEOS_DEPLOYMENT_TARGET = 15.2;
				MTL_ENABLE_DEBUG_INFO = INCLUDE_SOURCE;
				MTL_FAST_MATH = YES;
				ONLY_ACTIVE_ARCH = YES;
				SDKROOT = iphoneos;
				SWIFT_ACTIVE_COMPILATION_CONDITIONS = DEBUG;
				SWIFT_OPTIMIZATION_LEVEL = "-Onone";
			};
			name = Debug;
		};
		02DD585227DAF4F000C8F159 /* Release */ = {
			isa = XCBuildConfiguration;
			buildSettings = {
				ALWAYS_SEARCH_USER_PATHS = NO;
				CLANG_ANALYZER_NONNULL = YES;
				CLANG_ANALYZER_NUMBER_OBJECT_CONVERSION = YES_AGGRESSIVE;
				CLANG_CXX_LANGUAGE_STANDARD = "gnu++17";
				CLANG_CXX_LIBRARY = "libc++";
				CLANG_ENABLE_MODULES = YES;
				CLANG_ENABLE_OBJC_ARC = YES;
				CLANG_ENABLE_OBJC_WEAK = YES;
				CLANG_WARN_BLOCK_CAPTURE_AUTORELEASING = YES;
				CLANG_WARN_BOOL_CONVERSION = YES;
				CLANG_WARN_COMMA = YES;
				CLANG_WARN_CONSTANT_CONVERSION = YES;
				CLANG_WARN_DEPRECATED_OBJC_IMPLEMENTATIONS = YES;
				CLANG_WARN_DIRECT_OBJC_ISA_USAGE = YES_ERROR;
				CLANG_WARN_DOCUMENTATION_COMMENTS = YES;
				CLANG_WARN_EMPTY_BODY = YES;
				CLANG_WARN_ENUM_CONVERSION = YES;
				CLANG_WARN_INFINITE_RECURSION = YES;
				CLANG_WARN_INT_CONVERSION = YES;
				CLANG_WARN_NON_LITERAL_NULL_CONVERSION = YES;
				CLANG_WARN_OBJC_IMPLICIT_RETAIN_SELF = YES;
				CLANG_WARN_OBJC_LITERAL_CONVERSION = YES;
				CLANG_WARN_OBJC_ROOT_CLASS = YES_ERROR;
				CLANG_WARN_QUOTED_INCLUDE_IN_FRAMEWORK_HEADER = YES;
				CLANG_WARN_RANGE_LOOP_ANALYSIS = YES;
				CLANG_WARN_STRICT_PROTOTYPES = YES;
				CLANG_WARN_SUSPICIOUS_MOVE = YES;
				CLANG_WARN_UNGUARDED_AVAILABILITY = YES_AGGRESSIVE;
				CLANG_WARN_UNREACHABLE_CODE = YES;
				CLANG_WARN__DUPLICATE_METHOD_MATCH = YES;
				COPY_PHASE_STRIP = NO;
				DEBUG_INFORMATION_FORMAT = "dwarf-with-dsym";
				ENABLE_NS_ASSERTIONS = NO;
				ENABLE_STRICT_OBJC_MSGSEND = YES;
				GCC_C_LANGUAGE_STANDARD = gnu11;
				GCC_NO_COMMON_BLOCKS = YES;
				GCC_WARN_64_TO_32_BIT_CONVERSION = YES;
				GCC_WARN_ABOUT_RETURN_TYPE = YES_ERROR;
				GCC_WARN_UNDECLARED_SELECTOR = YES;
				GCC_WARN_UNINITIALIZED_AUTOS = YES_AGGRESSIVE;
				GCC_WARN_UNUSED_FUNCTION = YES;
				GCC_WARN_UNUSED_VARIABLE = YES;
				IPHONEOS_DEPLOYMENT_TARGET = 15.2;
				MTL_ENABLE_DEBUG_INFO = NO;
				MTL_FAST_MATH = YES;
				SDKROOT = iphoneos;
				SWIFT_COMPILATION_MODE = wholemodule;
				SWIFT_OPTIMIZATION_LEVEL = "-O";
				VALIDATE_PRODUCT = YES;
			};
			name = Release;
		};
		02DD585427DAF4F000C8F159 /* Debug */ = {
			isa = XCBuildConfiguration;
			baseConfigurationReference = 8FC33CB69D68C617FDBD581D /* Pods-Gilbert_Assessment.debug.xcconfig */;
			buildSettings = {
				ASSETCATALOG_COMPILER_APPICON_NAME = AppIcon;
				ASSETCATALOG_COMPILER_GLOBAL_ACCENT_COLOR_NAME = AccentColor;
				CODE_SIGN_STYLE = Automatic;
				CURRENT_PROJECT_VERSION = 1;
				DEVELOPMENT_TEAM = NZ4J9325UD;
				GENERATE_INFOPLIST_FILE = YES;
				INFOPLIST_FILE = Gilbert_Assessment/Info.plist;
				INFOPLIST_KEY_UIApplicationSupportsIndirectInputEvents = YES;
				INFOPLIST_KEY_UILaunchStoryboardName = LaunchScreen;
				INFOPLIST_KEY_UISupportedInterfaceOrientations_iPad = "UIInterfaceOrientationPortrait UIInterfaceOrientationPortraitUpsideDown UIInterfaceOrientationLandscapeLeft UIInterfaceOrientationLandscapeRight";
				INFOPLIST_KEY_UISupportedInterfaceOrientations_iPhone = "UIInterfaceOrientationPortrait UIInterfaceOrientationLandscapeLeft UIInterfaceOrientationLandscapeRight";
				LD_RUNPATH_SEARCH_PATHS = (
					"$(inherited)",
					"@executable_path/Frameworks",
				);
				MARKETING_VERSION = 1.0;
				PRODUCT_BUNDLE_IDENTIFIER = "com.gilbertnicholas.Gilbert-Assessment";
				PRODUCT_NAME = "$(TARGET_NAME)";
				SWIFT_EMIT_LOC_STRINGS = YES;
				SWIFT_VERSION = 5.0;
				TARGETED_DEVICE_FAMILY = "1,2";
			};
			name = Debug;
		};
		02DD585527DAF4F000C8F159 /* Release */ = {
			isa = XCBuildConfiguration;
			baseConfigurationReference = 2C191F57DA9041B00B59F49A /* Pods-Gilbert_Assessment.release.xcconfig */;
			buildSettings = {
				ASSETCATALOG_COMPILER_APPICON_NAME = AppIcon;
				ASSETCATALOG_COMPILER_GLOBAL_ACCENT_COLOR_NAME = AccentColor;
				CODE_SIGN_STYLE = Automatic;
				CURRENT_PROJECT_VERSION = 1;
				DEVELOPMENT_TEAM = NZ4J9325UD;
				GENERATE_INFOPLIST_FILE = YES;
				INFOPLIST_FILE = Gilbert_Assessment/Info.plist;
				INFOPLIST_KEY_UIApplicationSupportsIndirectInputEvents = YES;
				INFOPLIST_KEY_UILaunchStoryboardName = LaunchScreen;
				INFOPLIST_KEY_UISupportedInterfaceOrientations_iPad = "UIInterfaceOrientationPortrait UIInterfaceOrientationPortraitUpsideDown UIInterfaceOrientationLandscapeLeft UIInterfaceOrientationLandscapeRight";
				INFOPLIST_KEY_UISupportedInterfaceOrientations_iPhone = "UIInterfaceOrientationPortrait UIInterfaceOrientationLandscapeLeft UIInterfaceOrientationLandscapeRight";
				LD_RUNPATH_SEARCH_PATHS = (
					"$(inherited)",
					"@executable_path/Frameworks",
				);
				MARKETING_VERSION = 1.0;
				PRODUCT_BUNDLE_IDENTIFIER = "com.gilbertnicholas.Gilbert-Assessment";
				PRODUCT_NAME = "$(TARGET_NAME)";
				SWIFT_EMIT_LOC_STRINGS = YES;
				SWIFT_VERSION = 5.0;
				TARGETED_DEVICE_FAMILY = "1,2";
			};
			name = Release;
		};
/* End XCBuildConfiguration section */

/* Begin XCConfigurationList section */
		02A6382227DDD0ED00FDD0B4 /* Build configuration list for PBXNativeTarget "Gilbert_AssessmentUnitTests" */ = {
			isa = XCConfigurationList;
			buildConfigurations = (
				02A6382027DDD0ED00FDD0B4 /* Debug */,
				02A6382127DDD0ED00FDD0B4 /* Release */,
			);
			defaultConfigurationIsVisible = 0;
			defaultConfigurationName = Release;
		};
		02DD583A27DAF4EE00C8F159 /* Build configuration list for PBXProject "Gilbert_Assessment" */ = {
			isa = XCConfigurationList;
			buildConfigurations = (
				02DD585127DAF4F000C8F159 /* Debug */,
				02DD585227DAF4F000C8F159 /* Release */,
			);
			defaultConfigurationIsVisible = 0;
			defaultConfigurationName = Release;
		};
		02DD585327DAF4F000C8F159 /* Build configuration list for PBXNativeTarget "Gilbert_Assessment" */ = {
			isa = XCConfigurationList;
			buildConfigurations = (
				02DD585427DAF4F000C8F159 /* Debug */,
				02DD585527DAF4F000C8F159 /* Release */,
			);
			defaultConfigurationIsVisible = 0;
			defaultConfigurationName = Release;
		};
/* End XCConfigurationList section */
	};
	rootObject = 02DD583727DAF4EE00C8F159 /* Project object */;
}
